Microsoft Visual Studio Solution File, Format Version 12.00
# Visual Studio Version 17
VisualStudioVersion = 17.5.2.0
MinimumVisualStudioVersion = 10.0.40219.1
Project("{2150E333-8FDC-42A3-9474-1A3956D46DE8}") = "JobBoardApp", "JobBoardApp", "{CF193684-273F-541F-8684-C7FF40D199DE}"
EndProject
Project("{FAE04EC0-301F-11D3-BF4B-00C04F79EFBC}") = "JobBoard.API", "JobBoardApp\JobBoard.API\JobBoard.API.csproj", "{F39E8992-9067-EB5E-65C1-6506D957D242}"
EndProject
Global
	GlobalSection(SolutionConfigurationPlatforms) = preSolution
		Debug|Any CPU = Debug|Any CPU
		Release|Any CPU = Release|Any CPU
	EndGlobalSection
	GlobalSection(ProjectConfigurationPlatforms) = postSolution
		{F39E8992-9067-EB5E-65C1-6506D957D242}.Debug|Any CPU.ActiveCfg = Debug|Any CPU
		{F39E8992-9067-EB5E-65C1-6506D957D242}.Debug|Any CPU.Build.0 = Debug|Any CPU
		{F39E8992-9067-EB5E-65C1-6506D957D242}.Release|Any CPU.ActiveCfg = Release|Any CPU
		{F39E8992-9067-EB5E-65C1-6506D957D242}.Release|Any CPU.Build.0 = Release|Any CPU
	EndGlobalSection
	GlobalSection(SolutionProperties) = preSolution
		HideSolutionNode = FALSE
	EndGlobalSection
	GlobalSection(NestedProjects) = preSolution
		{F39E8992-9067-EB5E-65C1-6506D957D242} = {CF193684-273F-541F-8684-C7FF40D199DE}
	EndGlobalSection
	GlobalSection(ExtensibilityGlobals) = postSolution
		SolutionGuid = {4D1EDF9E-644B-4169-972B-AAAB249DD88B}
	EndGlobalSection
EndGlobal
